
Microsoft Visual Studio Solution File, Format Version 12.00
# Visual Studio Version 16
VisualStudioVersion = 16.0.29613.14
MinimumVisualStudioVersion = 10.0.40219.1
Project("{9A19103F-16F7-4668-BE54-9A1E7A4F7556}") = "Simplify.Core", "src\Simplify\Simplify.Core\Simplify.Core.csproj", "{0AC8F0D0-C7EE-45D9-BD5C-51C7B00CC52E}"
EndProject
Project("{2150E333-8FDC-42A3-9474-1A3956D46DE8}") = "src", "src", "{6B0DFD3E-F239-4E63-873A-F6DA75279F21}"
EndProject
Project("{2150E333-8FDC-42A3-9474-1A3956D46DE8}") = "tests", "tests", "{C51FFC26-3BD7-4C49-87A8-E8C76FA6CEAA}"
EndProject
Project("{2150E333-8FDC-42A3-9474-1A3956D46DE8}") = "solution", "solution", "{425BC3F1-1A24-4586-8FC7-4F439EA06935}"
	ProjectSection(SolutionItems) = preProject
		.editorconfig = .editorconfig
		Directory.Build.props = Directory.Build.props
		Directory.Build.targets = Directory.Build.targets
		README.md = README.md
	EndProjectSection
EndProject
Project("{9A19103F-16F7-4668-BE54-9A1E7A4F7556}") = "Simplify.Tests", "tests\Simplify.Tests\Simplify.Tests.csproj", "{759FC5CD-01A8-4F5E-88EB-CCF2665B9B8C}"
EndProject
Project("{9A19103F-16F7-4668-BE54-9A1E7A4F7556}") = "Simplify.Web", "src\Simplify\Simplify.Web\Simplify.Web.csproj", "{8DFFDA82-99EE-4AE7-9204-69719E1CE736}"
EndProject
Project("{9A19103F-16F7-4668-BE54-9A1E7A4F7556}") = "Simplify.Domain", "src\Simplify\Simplify.Domain\Simplify.Domain.csproj", "{5D6D63E5-420A-4182-B0D4-90C846E552EE}"
EndProject
Project("{9A19103F-16F7-4668-BE54-9A1E7A4F7556}") = "Simplify.SeedWork", "src\Foundation\Simplify.SeedWork\Simplify.SeedWork.csproj", "{046DD5B7-89D9-4637-9F3E-C8B4B827BA00}"
EndProject
Project("{9A19103F-16F7-4668-BE54-9A1E7A4F7556}") = "Simplify.Infrastructure", "src\Simplify\\Simplify.Infrastructure\Simplify.Infrastructure.csproj", "{8FDB7041-6989-46CB-B7A3-FC58D9BAADE2}"
EndProject
Project("{2150E333-8FDC-42A3-9474-1A3956D46DE8}") = "Foundation", "Foundation", "{232D287A-E3ED-4658-815B-1A30F8F85962}"
EndProject
Project("{2150E333-8FDC-42A3-9474-1A3956D46DE8}") = "Modules", "Modules", "{21986EDF-D395-4433-AE1B-D7E1F46A019A}"
EndProject
Project("{FAE04EC0-301F-11D3-BF4B-00C04F79EFBC}") = "Simplify.Storage.MongoDb", "src\Modules\Simplify.Storage.MongoDb\Simplify.Storage.MongoDb.csproj", "{2CF0CE9B-6F14-4277-8247-D2DD6D0D66A1}"
EndProject
Project("{2150E333-8FDC-42A3-9474-1A3956D46DE8}") = "Simplify", "Simplify", "{B02AF9F2-4900-4286-A354-646BE27166D6}"
EndProject
Global
	GlobalSection(SolutionConfigurationPlatforms) = preSolution
		Debug|Any CPU = Debug|Any CPU
		Release|Any CPU = Release|Any CPU
	EndGlobalSection
	GlobalSection(ProjectConfigurationPlatforms) = postSolution
		{0AC8F0D0-C7EE-45D9-BD5C-51C7B00CC52E}.Debug|Any CPU.ActiveCfg = Debug|Any CPU
		{0AC8F0D0-C7EE-45D9-BD5C-51C7B00CC52E}.Debug|Any CPU.Build.0 = Debug|Any CPU
		{0AC8F0D0-C7EE-45D9-BD5C-51C7B00CC52E}.Release|Any CPU.ActiveCfg = Release|Any CPU
		{0AC8F0D0-C7EE-45D9-BD5C-51C7B00CC52E}.Release|Any CPU.Build.0 = Release|Any CPU
		{759FC5CD-01A8-4F5E-88EB-CCF2665B9B8C}.Debug|Any CPU.ActiveCfg = Debug|Any CPU
		{759FC5CD-01A8-4F5E-88EB-CCF2665B9B8C}.Debug|Any CPU.Build.0 = Debug|Any CPU
		{759FC5CD-01A8-4F5E-88EB-CCF2665B9B8C}.Release|Any CPU.ActiveCfg = Release|Any CPU
		{759FC5CD-01A8-4F5E-88EB-CCF2665B9B8C}.Release|Any CPU.Build.0 = Release|Any CPU
		{8DFFDA82-99EE-4AE7-9204-69719E1CE736}.Debug|Any CPU.ActiveCfg = Debug|Any CPU
		{8DFFDA82-99EE-4AE7-9204-69719E1CE736}.Debug|Any CPU.Build.0 = Debug|Any CPU
		{8DFFDA82-99EE-4AE7-9204-69719E1CE736}.Release|Any CPU.ActiveCfg = Release|Any CPU
		{8DFFDA82-99EE-4AE7-9204-69719E1CE736}.Release|Any CPU.Build.0 = Release|Any CPU
		{5D6D63E5-420A-4182-B0D4-90C846E552EE}.Debug|Any CPU.ActiveCfg = Debug|Any CPU
		{5D6D63E5-420A-4182-B0D4-90C846E552EE}.Debug|Any CPU.Build.0 = Debug|Any CPU
		{5D6D63E5-420A-4182-B0D4-90C846E552EE}.Release|Any CPU.ActiveCfg = Release|Any CPU
		{5D6D63E5-420A-4182-B0D4-90C846E552EE}.Release|Any CPU.Build.0 = Release|Any CPU
		{046DD5B7-89D9-4637-9F3E-C8B4B827BA00}.Debug|Any CPU.ActiveCfg = Debug|Any CPU
		{046DD5B7-89D9-4637-9F3E-C8B4B827BA00}.Debug|Any CPU.Build.0 = Debug|Any CPU
		{046DD5B7-89D9-4637-9F3E-C8B4B827BA00}.Release|Any CPU.ActiveCfg = Release|Any CPU
		{046DD5B7-89D9-4637-9F3E-C8B4B827BA00}.Release|Any CPU.Build.0 = Release|Any CPU
		{8FDB7041-6989-46CB-B7A3-FC58D9BAADE2}.Debug|Any CPU.ActiveCfg = Debug|Any CPU
		{8FDB7041-6989-46CB-B7A3-FC58D9BAADE2}.Debug|Any CPU.Build.0 = Debug|Any CPU
		{8FDB7041-6989-46CB-B7A3-FC58D9BAADE2}.Release|Any CPU.ActiveCfg = Release|Any CPU
		{8FDB7041-6989-46CB-B7A3-FC58D9BAADE2}.Release|Any CPU.Build.0 = Release|Any CPU
		{2CF0CE9B-6F14-4277-8247-D2DD6D0D66A1}.Debug|Any CPU.ActiveCfg = Debug|Any CPU
		{2CF0CE9B-6F14-4277-8247-D2DD6D0D66A1}.Debug|Any CPU.Build.0 = Debug|Any CPU
		{2CF0CE9B-6F14-4277-8247-D2DD6D0D66A1}.Release|Any CPU.ActiveCfg = Release|Any CPU
		{2CF0CE9B-6F14-4277-8247-D2DD6D0D66A1}.Release|Any CPU.Build.0 = Release|Any CPU
	EndGlobalSection
	GlobalSection(SolutionProperties) = preSolution
		HideSolutionNode = FALSE
	EndGlobalSection
	GlobalSection(NestedProjects) = preSolution
		{0AC8F0D0-C7EE-45D9-BD5C-51C7B00CC52E} = {B02AF9F2-4900-4286-A354-646BE27166D6}
		{759FC5CD-01A8-4F5E-88EB-CCF2665B9B8C} = {C51FFC26-3BD7-4C49-87A8-E8C76FA6CEAA}
		{8DFFDA82-99EE-4AE7-9204-69719E1CE736} = {B02AF9F2-4900-4286-A354-646BE27166D6}
		{5D6D63E5-420A-4182-B0D4-90C846E552EE} = {B02AF9F2-4900-4286-A354-646BE27166D6}
		{046DD5B7-89D9-4637-9F3E-C8B4B827BA00} = {232D287A-E3ED-4658-815B-1A30F8F85962}
		{8FDB7041-6989-46CB-B7A3-FC58D9BAADE2} = {B02AF9F2-4900-4286-A354-646BE27166D6}
		{232D287A-E3ED-4658-815B-1A30F8F85962} = {6B0DFD3E-F239-4E63-873A-F6DA75279F21}
		{21986EDF-D395-4433-AE1B-D7E1F46A019A} = {6B0DFD3E-F239-4E63-873A-F6DA75279F21}
		{2CF0CE9B-6F14-4277-8247-D2DD6D0D66A1} = {21986EDF-D395-4433-AE1B-D7E1F46A019A}
		{B02AF9F2-4900-4286-A354-646BE27166D6} = {6B0DFD3E-F239-4E63-873A-F6DA75279F21}
	EndGlobalSection
	GlobalSection(ExtensibilityGlobals) = postSolution
		SolutionGuid = {F7FC6679-7D6B-4BAA-9E78-F6D9EF754663}
	EndGlobalSection
EndGlobal
